// !$*UTF8*$!
{
	archiveVersion = 1;
	classes = {
	};
	objectVersion = 56;
	objects = {

/* Begin PBXBuildFile section */
		692167222BB0B435001026EF /* Application.swift in Sources */ = {isa = PBXBuildFile; fileRef = 692167212BB0B435001026EF /* Application.swift */; };
		692167242BB130EF001026EF /* SignUpVM.swift in Sources */ = {isa = PBXBuildFile; fileRef = 692167232BB130EF001026EF /* SignUpVM.swift */; };
		694C44362BB084C100782A16 /* SignUpTitleView.swift in Sources */ = {isa = PBXBuildFile; fileRef = 694C44352BB084C100782A16 /* SignUpTitleView.swift */; };
		694C44382BB0882300782A16 /* SignupLongItemView.swift in Sources */ = {isa = PBXBuildFile; fileRef = 694C44372BB0882300782A16 /* SignupLongItemView.swift */; };
		694C443A2BB08E8300782A16 /* SwitchToLoginView.swift in Sources */ = {isa = PBXBuildFile; fileRef = 694C44392BB08E8300782A16 /* SwitchToLoginView.swift */; };
		695291A82BAFD423006B7E94 /* SocialMediaSignUpView.swift in Sources */ = {isa = PBXBuildFile; fileRef = 695291A72BAFD423006B7E94 /* SocialMediaSignUpView.swift */; };
		695291AA2BAFE22D006B7E94 /* SignupItemView.swift in Sources */ = {isa = PBXBuildFile; fileRef = 695291A92BAFE22D006B7E94 /* SignupItemView.swift */; };
		695291AC2BAFF12F006B7E94 /* SignupItemGroupView.swift in Sources */ = {isa = PBXBuildFile; fileRef = 695291AB2BAFF12F006B7E94 /* SignupItemGroupView.swift */; };
		6967A16D2BA8C15B00DFF06A /* AuthViewModel.swift in Sources */ = {isa = PBXBuildFile; fileRef = 6967A16C2BA8C15B00DFF06A /* AuthViewModel.swift */; };
		69BD61F22BA7D84A0025F8EE /* InputView.swift in Sources */ = {isa = PBXBuildFile; fileRef = 69BD61F12BA7D84A0025F8EE /* InputView.swift */; };
		69BD61F42BA7D87E0025F8EE /* SettingsRowView.swift in Sources */ = {isa = PBXBuildFile; fileRef = 69BD61F32BA7D87E0025F8EE /* SettingsRowView.swift */; };
		69BD61F62BA7D8E10025F8EE /* User.swift in Sources */ = {isa = PBXBuildFile; fileRef = 69BD61F52BA7D8E10025F8EE /* User.swift */; };
		69BD61FB2BA7DA300025F8EE /* LoginView.swift in Sources */ = {isa = PBXBuildFile; fileRef = 69BD61FA2BA7DA300025F8EE /* LoginView.swift */; };
		69BD61FD2BA7DA8C0025F8EE /* RegistrationView.swift in Sources */ = {isa = PBXBuildFile; fileRef = 69BD61FC2BA7DA8C0025F8EE /* RegistrationView.swift */; };
		69BD61FF2BA7DAD20025F8EE /* ProfileView.swift in Sources */ = {isa = PBXBuildFile; fileRef = 69BD61FE2BA7DAD20025F8EE /* ProfileView.swift */; };
		69BD62012BA7EDCA0025F8EE /* GoogleService-Info.plist in Resources */ = {isa = PBXBuildFile; fileRef = 69BD62002BA7EDCA0025F8EE /* GoogleService-Info.plist */; };
		69BD62042BA7F2740025F8EE /* FirebaseAnalytics in Frameworks */ = {isa = PBXBuildFile; productRef = 69BD62032BA7F2740025F8EE /* FirebaseAnalytics */; };
		69BD62062BA7F2740025F8EE /* FirebaseAuth in Frameworks */ = {isa = PBXBuildFile; productRef = 69BD62052BA7F2740025F8EE /* FirebaseAuth */; };
		69BD62082BA7F2740025F8EE /* FirebaseDatabase in Frameworks */ = {isa = PBXBuildFile; productRef = 69BD62072BA7F2740025F8EE /* FirebaseDatabase */; };
		69BD620A2BA7F2740025F8EE /* FirebaseDynamicLinks in Frameworks */ = {isa = PBXBuildFile; productRef = 69BD62092BA7F2740025F8EE /* FirebaseDynamicLinks */; };
		69BD620C2BA7F2740025F8EE /* FirebaseFirestore in Frameworks */ = {isa = PBXBuildFile; productRef = 69BD620B2BA7F2740025F8EE /* FirebaseFirestore */; };
		69BD620E2BA7F2740025F8EE /* FirebaseFirestoreSwift in Frameworks */ = {isa = PBXBuildFile; productRef = 69BD620D2BA7F2740025F8EE /* FirebaseFirestoreSwift */; };
		69BD62102BA7F2740025F8EE /* FirebaseStorage in Frameworks */ = {isa = PBXBuildFile; productRef = 69BD620F2BA7F2740025F8EE /* FirebaseStorage */; };
		69BD62122BA7F2740025F8EE /* FirebaseStorageCombine-Community in Frameworks */ = {isa = PBXBuildFile; productRef = 69BD62112BA7F2740025F8EE /* FirebaseStorageCombine-Community */; };
<<<<<<< Updated upstream
		D70F4B6E2BACAA2A00C2F72B /* MealSectionView.swift in Sources */ = {isa = PBXBuildFile; fileRef = D70F4B6D2BACAA2A00C2F72B /* MealSectionView.swift */; };
		D70F4B702BADF0C900C2F72B /* MealDataManager.swift in Sources */ = {isa = PBXBuildFile; fileRef = D70F4B6F2BADF0C900C2F72B /* MealDataManager.swift */; };
		D76F9AD02BAE51D900AD97BE /* AddMealView.swift in Sources */ = {isa = PBXBuildFile; fileRef = D76F9ACF2BAE51D900AD97BE /* AddMealView.swift */; };
		D76F9AD22BB06BCC00AD97BE /* SettingView.swift in Sources */ = {isa = PBXBuildFile; fileRef = D76F9AD12BB06BCC00AD97BE /* SettingView.swift */; };
=======
		69CE8F9C2BACDE3600E02F9B /* GoogleSignIn in Frameworks */ = {isa = PBXBuildFile; productRef = 69CE8F9B2BACDE3600E02F9B /* GoogleSignIn */; };
		69CE8F9E2BACDE3600E02F9B /* GoogleSignInSwift in Frameworks */ = {isa = PBXBuildFile; productRef = 69CE8F9D2BACDE3600E02F9B /* GoogleSignInSwift */; };
		69CE8FA02BAD1EC300E02F9B /* GoogleService-Info.plist in Resources */ = {isa = PBXBuildFile; fileRef = 69CE8F9F2BAD1EC300E02F9B /* GoogleService-Info.plist */; };
>>>>>>> Stashed changes
		D7D6AA0C2BA89ACE0011E276 /* FirebaseAnalyticsSwift in Frameworks */ = {isa = PBXBuildFile; productRef = D7D6AA0B2BA89ACE0011E276 /* FirebaseAnalyticsSwift */; };
		D7D6AA0E2BA8A75F0011E276 /* ItemViewModel.swift in Sources */ = {isa = PBXBuildFile; fileRef = D7D6AA0D2BA8A75F0011E276 /* ItemViewModel.swift */; };
		D7F4742C2BAC93CB0058B0EC /* NutritionView.swift in Sources */ = {isa = PBXBuildFile; fileRef = D7F4742B2BAC93CB0058B0EC /* NutritionView.swift */; };
		D7F4742E2BAC94050058B0EC /* NutritionalGraphView.swift in Sources */ = {isa = PBXBuildFile; fileRef = D7F4742D2BAC94050058B0EC /* NutritionalGraphView.swift */; };
		D7F474302BAC94420058B0EC /* CalendarView.swift in Sources */ = {isa = PBXBuildFile; fileRef = D7F4742F2BAC94420058B0EC /* CalendarView.swift */; };
		EF0ACDAE2BAC49DC00530C2B /* ReportView.swift in Sources */ = {isa = PBXBuildFile; fileRef = EF0ACDAD2BAC49DC00530C2B /* ReportView.swift */; };
		EF5FD2FB2BA54F9A0033987F /* NutriScanApp.swift in Sources */ = {isa = PBXBuildFile; fileRef = EF5FD2FA2BA54F9A0033987F /* NutriScanApp.swift */; };
		EF5FD2FD2BA54F9A0033987F /* ContentView.swift in Sources */ = {isa = PBXBuildFile; fileRef = EF5FD2FC2BA54F9A0033987F /* ContentView.swift */; };
		EF5FD2FF2BA54F9A0033987F /* Item.swift in Sources */ = {isa = PBXBuildFile; fileRef = EF5FD2FE2BA54F9A0033987F /* Item.swift */; };
		EF5FD3012BA54F9E0033987F /* Assets.xcassets in Resources */ = {isa = PBXBuildFile; fileRef = EF5FD3002BA54F9E0033987F /* Assets.xcassets */; };
		EF5FD3042BA54F9E0033987F /* Preview Assets.xcassets in Resources */ = {isa = PBXBuildFile; fileRef = EF5FD3032BA54F9E0033987F /* Preview Assets.xcassets */; };
		EF5FD30F2BA552D00033987F /* WebService.swift in Sources */ = {isa = PBXBuildFile; fileRef = EF5FD30E2BA552D00033987F /* WebService.swift */; };
		EF5FD3112BA552E70033987F /* SwiftUIView.swift in Sources */ = {isa = PBXBuildFile; fileRef = EF5FD3102BA552E70033987F /* SwiftUIView.swift */; };
		EF720F482BAD0B6200AC9635 /* RecipeListResponse.swift in Sources */ = {isa = PBXBuildFile; fileRef = EF720F472BAD0B6200AC9635 /* RecipeListResponse.swift */; };
		EF720F4B2BAD12A400AC9635 /* Constants.swift in Sources */ = {isa = PBXBuildFile; fileRef = EF720F4A2BAD12A400AC9635 /* Constants.swift */; };
		EF720F4E2BADD42300AC9635 /* RecipeListViewModel.swift in Sources */ = {isa = PBXBuildFile; fileRef = EF720F4D2BADD42300AC9635 /* RecipeListViewModel.swift */; };
		EF8263E72BA9F44A00AF2517 /* RecipeCardView.swift in Sources */ = {isa = PBXBuildFile; fileRef = EF8263E62BA9F44A00AF2517 /* RecipeCardView.swift */; };
		EF8263E92BA9F4E000AF2517 /* RecipeModel.swift in Sources */ = {isa = PBXBuildFile; fileRef = EF8263E82BA9F4E000AF2517 /* RecipeModel.swift */; };
		EF8263EB2BA9F55300AF2517 /* RecipeRatingView.swift in Sources */ = {isa = PBXBuildFile; fileRef = EF8263EA2BA9F55300AF2517 /* RecipeRatingView.swift */; };
		EF8263EF2BA9FE9C00AF2517 /* RecipesListView.swift in Sources */ = {isa = PBXBuildFile; fileRef = EF8263EE2BA9FE9C00AF2517 /* RecipesListView.swift */; };
		EF8263F12BA9FF7500AF2517 /* RecipeDetailView.swift in Sources */ = {isa = PBXBuildFile; fileRef = EF8263F02BA9FF7500AF2517 /* RecipeDetailView.swift */; };
		EF997E6A2BAAE22D00FBF0F3 /* BookMarkView.swift in Sources */ = {isa = PBXBuildFile; fileRef = EF997E692BAAE22D00FBF0F3 /* BookMarkView.swift */; };
		EF997E6C2BAAE52C00FBF0F3 /* ImageCardView.swift in Sources */ = {isa = PBXBuildFile; fileRef = EF997E6B2BAAE52C00FBF0F3 /* ImageCardView.swift */; };
		EF9B7ACF2BAB5CED00190A41 /* SlideOutMenu.swift in Sources */ = {isa = PBXBuildFile; fileRef = EF9B7ACE2BAB5CED00190A41 /* SlideOutMenu.swift */; };
		EF9B7AD12BAB685C00190A41 /* SplashScreen.storyboard in Resources */ = {isa = PBXBuildFile; fileRef = EF9B7AD02BAB685C00190A41 /* SplashScreen.storyboard */; };
		EF9B7AD32BAB926300190A41 /* DishesView.swift in Sources */ = {isa = PBXBuildFile; fileRef = EF9B7AD22BAB926300190A41 /* DishesView.swift */; };
		EF9B7AD72BABC89E00190A41 /* HeaderView.swift in Sources */ = {isa = PBXBuildFile; fileRef = EF9B7AD62BABC89E00190A41 /* HeaderView.swift */; };
		EFA6A1822BAB519F008CA405 /* AppView.swift in Sources */ = {isa = PBXBuildFile; fileRef = EFA6A1812BAB519F008CA405 /* AppView.swift */; };
		EFA6A1842BAB51C7008CA405 /* HomeView.swift in Sources */ = {isa = PBXBuildFile; fileRef = EFA6A1832BAB51C7008CA405 /* HomeView.swift */; };
/* End PBXBuildFile section */

/* Begin PBXFileReference section */
		692167212BB0B435001026EF /* Application.swift */ = {isa = PBXFileReference; lastKnownFileType = sourcecode.swift; path = Application.swift; sourceTree = "<group>"; };
		692167232BB130EF001026EF /* SignUpVM.swift */ = {isa = PBXFileReference; lastKnownFileType = sourcecode.swift; path = SignUpVM.swift; sourceTree = "<group>"; };
		694C44352BB084C100782A16 /* SignUpTitleView.swift */ = {isa = PBXFileReference; lastKnownFileType = sourcecode.swift; path = SignUpTitleView.swift; sourceTree = "<group>"; };
		694C44372BB0882300782A16 /* SignupLongItemView.swift */ = {isa = PBXFileReference; lastKnownFileType = sourcecode.swift; path = SignupLongItemView.swift; sourceTree = "<group>"; };
		694C44392BB08E8300782A16 /* SwitchToLoginView.swift */ = {isa = PBXFileReference; lastKnownFileType = sourcecode.swift; path = SwitchToLoginView.swift; sourceTree = "<group>"; };
		695291A72BAFD423006B7E94 /* SocialMediaSignUpView.swift */ = {isa = PBXFileReference; lastKnownFileType = sourcecode.swift; path = SocialMediaSignUpView.swift; sourceTree = "<group>"; };
		695291A92BAFE22D006B7E94 /* SignupItemView.swift */ = {isa = PBXFileReference; lastKnownFileType = sourcecode.swift; path = SignupItemView.swift; sourceTree = "<group>"; };
		695291AB2BAFF12F006B7E94 /* SignupItemGroupView.swift */ = {isa = PBXFileReference; lastKnownFileType = sourcecode.swift; path = SignupItemGroupView.swift; sourceTree = "<group>"; };
		6967A16C2BA8C15B00DFF06A /* AuthViewModel.swift */ = {isa = PBXFileReference; lastKnownFileType = sourcecode.swift; path = AuthViewModel.swift; sourceTree = "<group>"; };
		69BD61F12BA7D84A0025F8EE /* InputView.swift */ = {isa = PBXFileReference; lastKnownFileType = sourcecode.swift; path = InputView.swift; sourceTree = "<group>"; };
		69BD61F32BA7D87E0025F8EE /* SettingsRowView.swift */ = {isa = PBXFileReference; lastKnownFileType = sourcecode.swift; path = SettingsRowView.swift; sourceTree = "<group>"; };
		69BD61F52BA7D8E10025F8EE /* User.swift */ = {isa = PBXFileReference; lastKnownFileType = sourcecode.swift; path = User.swift; sourceTree = "<group>"; };
		69BD61FA2BA7DA300025F8EE /* LoginView.swift */ = {isa = PBXFileReference; lastKnownFileType = sourcecode.swift; path = LoginView.swift; sourceTree = "<group>"; };
		69BD61FC2BA7DA8C0025F8EE /* RegistrationView.swift */ = {isa = PBXFileReference; lastKnownFileType = sourcecode.swift; path = RegistrationView.swift; sourceTree = "<group>"; };
		69BD61FE2BA7DAD20025F8EE /* ProfileView.swift */ = {isa = PBXFileReference; lastKnownFileType = sourcecode.swift; path = ProfileView.swift; sourceTree = "<group>"; };
		69BD62002BA7EDCA0025F8EE /* GoogleService-Info.plist */ = {isa = PBXFileReference; fileEncoding = 4; lastKnownFileType = text.plist.xml; path = "GoogleService-Info.plist"; sourceTree = SOURCE_ROOT; };
<<<<<<< Updated upstream
		D70F4B6D2BACAA2A00C2F72B /* MealSectionView.swift */ = {isa = PBXFileReference; lastKnownFileType = sourcecode.swift; path = MealSectionView.swift; sourceTree = "<group>"; };
		D70F4B6F2BADF0C900C2F72B /* MealDataManager.swift */ = {isa = PBXFileReference; lastKnownFileType = sourcecode.swift; path = MealDataManager.swift; sourceTree = "<group>"; };
		D76F9ACF2BAE51D900AD97BE /* AddMealView.swift */ = {isa = PBXFileReference; lastKnownFileType = sourcecode.swift; path = AddMealView.swift; sourceTree = "<group>"; };
		D76F9AD12BB06BCC00AD97BE /* SettingView.swift */ = {isa = PBXFileReference; lastKnownFileType = sourcecode.swift; path = SettingView.swift; sourceTree = "<group>"; };
=======
		69CE8F9F2BAD1EC300E02F9B /* GoogleService-Info.plist */ = {isa = PBXFileReference; fileEncoding = 4; lastKnownFileType = text.plist.xml; path = "GoogleService-Info.plist"; sourceTree = SOURCE_ROOT; };
		69CE8FA12BAD1F4000E02F9B /* Info.plist */ = {isa = PBXFileReference; lastKnownFileType = text.plist; path = Info.plist; sourceTree = "<group>"; };
>>>>>>> Stashed changes
		D7D6AA0D2BA8A75F0011E276 /* ItemViewModel.swift */ = {isa = PBXFileReference; lastKnownFileType = sourcecode.swift; path = ItemViewModel.swift; sourceTree = SOURCE_ROOT; };
		D7F4742B2BAC93CB0058B0EC /* NutritionView.swift */ = {isa = PBXFileReference; lastKnownFileType = sourcecode.swift; path = NutritionView.swift; sourceTree = "<group>"; };
		D7F4742D2BAC94050058B0EC /* NutritionalGraphView.swift */ = {isa = PBXFileReference; lastKnownFileType = sourcecode.swift; path = NutritionalGraphView.swift; sourceTree = "<group>"; };
		D7F4742F2BAC94420058B0EC /* CalendarView.swift */ = {isa = PBXFileReference; lastKnownFileType = sourcecode.swift; path = CalendarView.swift; sourceTree = "<group>"; };
		EF0ACDAD2BAC49DC00530C2B /* ReportView.swift */ = {isa = PBXFileReference; lastKnownFileType = sourcecode.swift; path = ReportView.swift; sourceTree = "<group>"; };
		EF5FD2F72BA54F9A0033987F /* NutriScan.app */ = {isa = PBXFileReference; explicitFileType = wrapper.application; includeInIndex = 0; path = NutriScan.app; sourceTree = BUILT_PRODUCTS_DIR; };
		EF5FD2FA2BA54F9A0033987F /* NutriScanApp.swift */ = {isa = PBXFileReference; lastKnownFileType = sourcecode.swift; path = NutriScanApp.swift; sourceTree = "<group>"; };
		EF5FD2FC2BA54F9A0033987F /* ContentView.swift */ = {isa = PBXFileReference; lastKnownFileType = sourcecode.swift; path = ContentView.swift; sourceTree = "<group>"; };
		EF5FD2FE2BA54F9A0033987F /* Item.swift */ = {isa = PBXFileReference; lastKnownFileType = sourcecode.swift; path = Item.swift; sourceTree = "<group>"; };
		EF5FD3002BA54F9E0033987F /* Assets.xcassets */ = {isa = PBXFileReference; lastKnownFileType = folder.assetcatalog; path = Assets.xcassets; sourceTree = "<group>"; };
		EF5FD3032BA54F9E0033987F /* Preview Assets.xcassets */ = {isa = PBXFileReference; lastKnownFileType = folder.assetcatalog; path = "Preview Assets.xcassets"; sourceTree = "<group>"; };
		EF5FD30E2BA552D00033987F /* WebService.swift */ = {isa = PBXFileReference; lastKnownFileType = sourcecode.swift; path = WebService.swift; sourceTree = "<group>"; };
		EF5FD3102BA552E70033987F /* SwiftUIView.swift */ = {isa = PBXFileReference; lastKnownFileType = sourcecode.swift; path = SwiftUIView.swift; sourceTree = "<group>"; };
		EF720F472BAD0B6200AC9635 /* RecipeListResponse.swift */ = {isa = PBXFileReference; lastKnownFileType = sourcecode.swift; path = RecipeListResponse.swift; sourceTree = "<group>"; };
		EF720F4A2BAD12A400AC9635 /* Constants.swift */ = {isa = PBXFileReference; lastKnownFileType = sourcecode.swift; path = Constants.swift; sourceTree = "<group>"; };
		EF720F4D2BADD42300AC9635 /* RecipeListViewModel.swift */ = {isa = PBXFileReference; lastKnownFileType = sourcecode.swift; path = RecipeListViewModel.swift; sourceTree = "<group>"; };
		EF8263E62BA9F44A00AF2517 /* RecipeCardView.swift */ = {isa = PBXFileReference; lastKnownFileType = sourcecode.swift; path = RecipeCardView.swift; sourceTree = "<group>"; };
		EF8263E82BA9F4E000AF2517 /* RecipeModel.swift */ = {isa = PBXFileReference; lastKnownFileType = sourcecode.swift; path = RecipeModel.swift; sourceTree = "<group>"; };
		EF8263EA2BA9F55300AF2517 /* RecipeRatingView.swift */ = {isa = PBXFileReference; lastKnownFileType = sourcecode.swift; path = RecipeRatingView.swift; sourceTree = "<group>"; };
		EF8263EE2BA9FE9C00AF2517 /* RecipesListView.swift */ = {isa = PBXFileReference; lastKnownFileType = sourcecode.swift; path = RecipesListView.swift; sourceTree = "<group>"; };
		EF8263F02BA9FF7500AF2517 /* RecipeDetailView.swift */ = {isa = PBXFileReference; lastKnownFileType = sourcecode.swift; path = RecipeDetailView.swift; sourceTree = "<group>"; };
		EF997E692BAAE22D00FBF0F3 /* BookMarkView.swift */ = {isa = PBXFileReference; lastKnownFileType = sourcecode.swift; path = BookMarkView.swift; sourceTree = "<group>"; };
		EF997E6B2BAAE52C00FBF0F3 /* ImageCardView.swift */ = {isa = PBXFileReference; lastKnownFileType = sourcecode.swift; path = ImageCardView.swift; sourceTree = "<group>"; };
		EF9B7ACE2BAB5CED00190A41 /* SlideOutMenu.swift */ = {isa = PBXFileReference; lastKnownFileType = sourcecode.swift; path = SlideOutMenu.swift; sourceTree = "<group>"; };
		EF9B7AD02BAB685C00190A41 /* SplashScreen.storyboard */ = {isa = PBXFileReference; lastKnownFileType = file.storyboard; path = SplashScreen.storyboard; sourceTree = "<group>"; };
		EF9B7AD22BAB926300190A41 /* DishesView.swift */ = {isa = PBXFileReference; lastKnownFileType = sourcecode.swift; path = DishesView.swift; sourceTree = "<group>"; };
		EF9B7AD62BABC89E00190A41 /* HeaderView.swift */ = {isa = PBXFileReference; lastKnownFileType = sourcecode.swift; path = HeaderView.swift; sourceTree = "<group>"; };
		EFA6A1812BAB519F008CA405 /* AppView.swift */ = {isa = PBXFileReference; lastKnownFileType = sourcecode.swift; path = AppView.swift; sourceTree = "<group>"; };
		EFA6A1832BAB51C7008CA405 /* HomeView.swift */ = {isa = PBXFileReference; lastKnownFileType = sourcecode.swift; path = HomeView.swift; sourceTree = "<group>"; };
/* End PBXFileReference section */

/* Begin PBXFrameworksBuildPhase section */
		EF5FD2F42BA54F9A0033987F /* Frameworks */ = {
			isa = PBXFrameworksBuildPhase;
			buildActionMask = 2147483647;
			files = (
				D7D6AA0C2BA89ACE0011E276 /* FirebaseAnalyticsSwift in Frameworks */,
				69BD62082BA7F2740025F8EE /* FirebaseDatabase in Frameworks */,
				69BD62042BA7F2740025F8EE /* FirebaseAnalytics in Frameworks */,
				69BD62122BA7F2740025F8EE /* FirebaseStorageCombine-Community in Frameworks */,
				69BD62062BA7F2740025F8EE /* FirebaseAuth in Frameworks */,
				69CE8F9C2BACDE3600E02F9B /* GoogleSignIn in Frameworks */,
				69BD620C2BA7F2740025F8EE /* FirebaseFirestore in Frameworks */,
				69BD62102BA7F2740025F8EE /* FirebaseStorage in Frameworks */,
				69BD620A2BA7F2740025F8EE /* FirebaseDynamicLinks in Frameworks */,
				69BD620E2BA7F2740025F8EE /* FirebaseFirestoreSwift in Frameworks */,
				69CE8F9E2BACDE3600E02F9B /* GoogleSignInSwift in Frameworks */,
			);
			runOnlyForDeploymentPostprocessing = 0;
		};
/* End PBXFrameworksBuildPhase section */

/* Begin PBXGroup section */
		692167202BB0B2CA001026EF /* Utilities */ = {
			isa = PBXGroup;
			children = (
				692167212BB0B435001026EF /* Application.swift */,
			);
			path = Utilities;
			sourceTree = "<group>";
		};
		694C44322BB0841D00782A16 /* SignUp */ = {
			isa = PBXGroup;
			children = (
				695291A72BAFD423006B7E94 /* SocialMediaSignUpView.swift */,
				695291A92BAFE22D006B7E94 /* SignupItemView.swift */,
				695291AB2BAFF12F006B7E94 /* SignupItemGroupView.swift */,
				694C44352BB084C100782A16 /* SignUpTitleView.swift */,
				694C44372BB0882300782A16 /* SignupLongItemView.swift */,
				694C44392BB08E8300782A16 /* SwitchToLoginView.swift */,
			);
			path = SignUp;
			sourceTree = "<group>";
		};
		6967A16A2BA8C0B900DFF06A /* View */ = {
			isa = PBXGroup;
			children = (
				69BD61FA2BA7DA300025F8EE /* LoginView.swift */,
				69BD61FC2BA7DA8C0025F8EE /* RegistrationView.swift */,
			);
			path = View;
			sourceTree = "<group>";
		};
		6967A16B2BA8C0C200DFF06A /* ViewModel */ = {
			isa = PBXGroup;
			children = (
				6967A16C2BA8C15B00DFF06A /* AuthViewModel.swift */,
				692167232BB130EF001026EF /* SignUpVM.swift */,
			);
			path = ViewModel;
			sourceTree = "<group>";
		};
		69BD61EC2BA7D68F0025F8EE /* Components */ = {
			isa = PBXGroup;
			children = (
				69BD61F12BA7D84A0025F8EE /* InputView.swift */,
				69BD61F32BA7D87E0025F8EE /* SettingsRowView.swift */,
				EF8263E62BA9F44A00AF2517 /* RecipeCardView.swift */,
				EF8263EA2BA9F55300AF2517 /* RecipeRatingView.swift */,
				EF997E692BAAE22D00FBF0F3 /* BookMarkView.swift */,
				EF997E6B2BAAE52C00FBF0F3 /* ImageCardView.swift */,
				EF9B7AD22BAB926300190A41 /* DishesView.swift */,
				EF9B7AD62BABC89E00190A41 /* HeaderView.swift */,
			);
			path = Components;
			sourceTree = "<group>";
		};
		69BD61EE2BA7D6B80025F8EE /* Model */ = {
			isa = PBXGroup;
			children = (
				D7D6AA0D2BA8A75F0011E276 /* ItemViewModel.swift */,
			);
			path = Model;
			sourceTree = "<group>";
		};
		69BD61F02BA7D77F0025F8EE /* Core */ = {
			isa = PBXGroup;
			children = (
				692167202BB0B2CA001026EF /* Utilities */,
				EF8263EC2BA9FDAD00AF2517 /* Recipe */,
				69BD61F92BA7D9E90025F8EE /* Authentication */,
				69BD61F82BA7D9DB0025F8EE /* Profile */,
				69BD61F72BA7D9D00025F8EE /* Root */,
			);
			path = Core;
			sourceTree = "<group>";
		};
		69BD61F72BA7D9D00025F8EE /* Root */ = {
			isa = PBXGroup;
			children = (
			);
			path = Root;
			sourceTree = "<group>";
		};
		69BD61F82BA7D9DB0025F8EE /* Profile */ = {
			isa = PBXGroup;
			children = (
				69BD61FE2BA7DAD20025F8EE /* ProfileView.swift */,
			);
			path = Profile;
			sourceTree = "<group>";
		};
		69BD61F92BA7D9E90025F8EE /* Authentication */ = {
			isa = PBXGroup;
			children = (
				694C44322BB0841D00782A16 /* SignUp */,
				6967A16B2BA8C0C200DFF06A /* ViewModel */,
				6967A16A2BA8C0B900DFF06A /* View */,
			);
			path = Authentication;
			sourceTree = "<group>";
		};
		D7D6AA0A2BA89ACE0011E276 /* Frameworks */ = {
			isa = PBXGroup;
			children = (
			);
			name = Frameworks;
			sourceTree = "<group>";
		};
		D7D6AAC72BAC882E0011E276 /* DailyTracker */ = {
			isa = PBXGroup;
			children = (
				D7F4742B2BAC93CB0058B0EC /* NutritionView.swift */,
				D7F4742D2BAC94050058B0EC /* NutritionalGraphView.swift */,
				D7F4742F2BAC94420058B0EC /* CalendarView.swift */,
				D70F4B6D2BACAA2A00C2F72B /* MealSectionView.swift */,
				D70F4B6F2BADF0C900C2F72B /* MealDataManager.swift */,
				D76F9ACF2BAE51D900AD97BE /* AddMealView.swift */,
				D76F9AD12BB06BCC00AD97BE /* SettingView.swift */,
			);
			path = DailyTracker;
			sourceTree = "<group>";
		};
		EF5FD2EE2BA54F9A0033987F = {
			isa = PBXGroup;
			children = (
				EF5FD2F92BA54F9A0033987F /* NutriScan */,
				EF5FD2F82BA54F9A0033987F /* Products */,
				D7D6AA0A2BA89ACE0011E276 /* Frameworks */,
			);
			sourceTree = "<group>";
		};
		EF5FD2F82BA54F9A0033987F /* Products */ = {
			isa = PBXGroup;
			children = (
				EF5FD2F72BA54F9A0033987F /* NutriScan.app */,
			);
			name = Products;
			sourceTree = "<group>";
		};
		EF5FD2F92BA54F9A0033987F /* NutriScan */ = {
			isa = PBXGroup;
			children = (
<<<<<<< Updated upstream
				EF720F4C2BADD3B700AC9635 /* View Models */,
				EF720F492BAD128A00AC9635 /* Utils */,
=======
				69CE8FA12BAD1F4000E02F9B /* Info.plist */,
>>>>>>> Stashed changes
				D7D6AAC72BAC882E0011E276 /* DailyTracker */,
				69BD61F02BA7D77F0025F8EE /* Core */,
				69BD61EC2BA7D68F0025F8EE /* Components */,
				69BD61EE2BA7D6B80025F8EE /* Model */,
				EF5FD30D2BA550260033987F /* server */,
				EF5FD2FA2BA54F9A0033987F /* NutriScanApp.swift */,
				EF5FD2FC2BA54F9A0033987F /* ContentView.swift */,
				EF5FD30B2BA54FF90033987F /* views */,
				EF5FD30A2BA54FD30033987F /* models */,
				EF5FD3002BA54F9E0033987F /* Assets.xcassets */,
				69BD62002BA7EDCA0025F8EE /* GoogleService-Info.plist */,
				69CE8F9F2BAD1EC300E02F9B /* GoogleService-Info.plist */,
				EF5FD3022BA54F9E0033987F /* Preview Content */,
			);
			path = NutriScan;
			sourceTree = "<group>";
		};
		EF5FD3022BA54F9E0033987F /* Preview Content */ = {
			isa = PBXGroup;
			children = (
				EF5FD3032BA54F9E0033987F /* Preview Assets.xcassets */,
			);
			path = "Preview Content";
			sourceTree = "<group>";
		};
		EF5FD30A2BA54FD30033987F /* models */ = {
			isa = PBXGroup;
			children = (
				EF5FD2FE2BA54F9A0033987F /* Item.swift */,
				69BD61F52BA7D8E10025F8EE /* User.swift */,
				EF8263E82BA9F4E000AF2517 /* RecipeModel.swift */,
				EF720F472BAD0B6200AC9635 /* RecipeListResponse.swift */,
			);
			path = models;
			sourceTree = "<group>";
		};
		EF5FD30B2BA54FF90033987F /* views */ = {
			isa = PBXGroup;
			children = (
				EF5FD3102BA552E70033987F /* SwiftUIView.swift */,
			);
			path = views;
			sourceTree = "<group>";
		};
		EF5FD30D2BA550260033987F /* server */ = {
			isa = PBXGroup;
			children = (
				EF5FD30E2BA552D00033987F /* WebService.swift */,
			);
			path = server;
			sourceTree = "<group>";
		};
		EF720F492BAD128A00AC9635 /* Utils */ = {
			isa = PBXGroup;
			children = (
				EF720F4A2BAD12A400AC9635 /* Constants.swift */,
			);
			path = Utils;
			sourceTree = "<group>";
		};
		EF720F4C2BADD3B700AC9635 /* View Models */ = {
			isa = PBXGroup;
			children = (
				EF720F4D2BADD42300AC9635 /* RecipeListViewModel.swift */,
			);
			path = "View Models";
			sourceTree = "<group>";
		};
		EF8263EC2BA9FDAD00AF2517 /* Recipe */ = {
			isa = PBXGroup;
			children = (
				EF8263ED2BA9FDCD00AF2517 /* Screens */,
			);
			path = Recipe;
			sourceTree = "<group>";
		};
		EF8263ED2BA9FDCD00AF2517 /* Screens */ = {
			isa = PBXGroup;
			children = (
				EF8263EE2BA9FE9C00AF2517 /* RecipesListView.swift */,
				EF8263F02BA9FF7500AF2517 /* RecipeDetailView.swift */,
				EFA6A1812BAB519F008CA405 /* AppView.swift */,
				EFA6A1832BAB51C7008CA405 /* HomeView.swift */,
				EF9B7ACE2BAB5CED00190A41 /* SlideOutMenu.swift */,
				EF9B7AD02BAB685C00190A41 /* SplashScreen.storyboard */,
				EF0ACDAD2BAC49DC00530C2B /* ReportView.swift */,
			);
			path = Screens;
			sourceTree = "<group>";
		};
/* End PBXGroup section */

/* Begin PBXNativeTarget section */
		EF5FD2F62BA54F9A0033987F /* NutriScan */ = {
			isa = PBXNativeTarget;
			buildConfigurationList = EF5FD3072BA54F9E0033987F /* Build configuration list for PBXNativeTarget "NutriScan" */;
			buildPhases = (
				EF5FD2F32BA54F9A0033987F /* Sources */,
				EF5FD2F42BA54F9A0033987F /* Frameworks */,
				EF5FD2F52BA54F9A0033987F /* Resources */,
			);
			buildRules = (
			);
			dependencies = (
			);
			name = NutriScan;
			packageProductDependencies = (
				69BD62032BA7F2740025F8EE /* FirebaseAnalytics */,
				69BD62052BA7F2740025F8EE /* FirebaseAuth */,
				69BD62072BA7F2740025F8EE /* FirebaseDatabase */,
				69BD62092BA7F2740025F8EE /* FirebaseDynamicLinks */,
				69BD620B2BA7F2740025F8EE /* FirebaseFirestore */,
				69BD620D2BA7F2740025F8EE /* FirebaseFirestoreSwift */,
				69BD620F2BA7F2740025F8EE /* FirebaseStorage */,
				69BD62112BA7F2740025F8EE /* FirebaseStorageCombine-Community */,
				D7D6AA0B2BA89ACE0011E276 /* FirebaseAnalyticsSwift */,
				69CE8F9B2BACDE3600E02F9B /* GoogleSignIn */,
				69CE8F9D2BACDE3600E02F9B /* GoogleSignInSwift */,
			);
			productName = NutriScan;
			productReference = EF5FD2F72BA54F9A0033987F /* NutriScan.app */;
			productType = "com.apple.product-type.application";
		};
/* End PBXNativeTarget section */

/* Begin PBXProject section */
		EF5FD2EF2BA54F9A0033987F /* Project object */ = {
			isa = PBXProject;
			attributes = {
				BuildIndependentTargetsInParallel = 1;
				LastSwiftUpdateCheck = 1520;
				LastUpgradeCheck = 1520;
				TargetAttributes = {
					EF5FD2F62BA54F9A0033987F = {
						CreatedOnToolsVersion = 15.2;
					};
				};
			};
			buildConfigurationList = EF5FD2F22BA54F9A0033987F /* Build configuration list for PBXProject "NutriScan" */;
			compatibilityVersion = "Xcode 14.0";
			developmentRegion = en;
			hasScannedForEncodings = 0;
			knownRegions = (
				en,
				Base,
			);
			mainGroup = EF5FD2EE2BA54F9A0033987F;
			packageReferences = (
				69BD62022BA7F2740025F8EE /* XCRemoteSwiftPackageReference "firebase-ios-sdk" */,
				69CE8F9A2BACDE3600E02F9B /* XCRemoteSwiftPackageReference "GoogleSignIn-iOS" */,
			);
			productRefGroup = EF5FD2F82BA54F9A0033987F /* Products */;
			projectDirPath = "";
			projectRoot = "";
			targets = (
				EF5FD2F62BA54F9A0033987F /* NutriScan */,
			);
		};
/* End PBXProject section */

/* Begin PBXResourcesBuildPhase section */
		EF5FD2F52BA54F9A0033987F /* Resources */ = {
			isa = PBXResourcesBuildPhase;
			buildActionMask = 2147483647;
			files = (
				EF5FD3042BA54F9E0033987F /* Preview Assets.xcassets in Resources */,
				EF9B7AD12BAB685C00190A41 /* SplashScreen.storyboard in Resources */,
				69CE8FA02BAD1EC300E02F9B /* GoogleService-Info.plist in Resources */,
				EF5FD3012BA54F9E0033987F /* Assets.xcassets in Resources */,
				69BD62012BA7EDCA0025F8EE /* GoogleService-Info.plist in Resources */,
			);
			runOnlyForDeploymentPostprocessing = 0;
		};
/* End PBXResourcesBuildPhase section */

/* Begin PBXSourcesBuildPhase section */
		EF5FD2F32BA54F9A0033987F /* Sources */ = {
			isa = PBXSourcesBuildPhase;
			buildActionMask = 2147483647;
			files = (
				EF997E6C2BAAE52C00FBF0F3 /* ImageCardView.swift in Sources */,
				695291AC2BAFF12F006B7E94 /* SignupItemGroupView.swift in Sources */,
				692167222BB0B435001026EF /* Application.swift in Sources */,
				EF8263E72BA9F44A00AF2517 /* RecipeCardView.swift in Sources */,
<<<<<<< Updated upstream
				D70F4B6E2BACAA2A00C2F72B /* MealSectionView.swift in Sources */,
=======
				694C443A2BB08E8300782A16 /* SwitchToLoginView.swift in Sources */,
				695291A82BAFD423006B7E94 /* SocialMediaSignUpView.swift in Sources */,
>>>>>>> Stashed changes
				EF8263F12BA9FF7500AF2517 /* RecipeDetailView.swift in Sources */,
				D70F4B702BADF0C900C2F72B /* MealDataManager.swift in Sources */,
				EF5FD2FD2BA54F9A0033987F /* ContentView.swift in Sources */,
				EF8263E92BA9F4E000AF2517 /* RecipeModel.swift in Sources */,
				EFA6A1842BAB51C7008CA405 /* HomeView.swift in Sources */,
				EF9B7ACF2BAB5CED00190A41 /* SlideOutMenu.swift in Sources */,
				D76F9AD02BAE51D900AD97BE /* AddMealView.swift in Sources */,
				D7F474302BAC94420058B0EC /* CalendarView.swift in Sources */,
				EF997E6A2BAAE22D00FBF0F3 /* BookMarkView.swift in Sources */,
				EF720F4B2BAD12A400AC9635 /* Constants.swift in Sources */,
				EF5FD2FF2BA54F9A0033987F /* Item.swift in Sources */,
				EF5FD30F2BA552D00033987F /* WebService.swift in Sources */,
				695291AA2BAFE22D006B7E94 /* SignupItemView.swift in Sources */,
				69BD61FB2BA7DA300025F8EE /* LoginView.swift in Sources */,
				D7F4742E2BAC94050058B0EC /* NutritionalGraphView.swift in Sources */,
				694C44362BB084C100782A16 /* SignUpTitleView.swift in Sources */,
				69BD61F22BA7D84A0025F8EE /* InputView.swift in Sources */,
				D7D6AA0E2BA8A75F0011E276 /* ItemViewModel.swift in Sources */,
				69BD61F62BA7D8E10025F8EE /* User.swift in Sources */,
				EF9B7AD32BAB926300190A41 /* DishesView.swift in Sources */,
				D76F9AD22BB06BCC00AD97BE /* SettingView.swift in Sources */,
				D7F4742C2BAC93CB0058B0EC /* NutritionView.swift in Sources */,
				EF8263EB2BA9F55300AF2517 /* RecipeRatingView.swift in Sources */,
				EF720F4E2BADD42300AC9635 /* RecipeListViewModel.swift in Sources */,
				EF8263EF2BA9FE9C00AF2517 /* RecipesListView.swift in Sources */,
				692167242BB130EF001026EF /* SignUpVM.swift in Sources */,
				EF5FD2FB2BA54F9A0033987F /* NutriScanApp.swift in Sources */,
				694C44382BB0882300782A16 /* SignupLongItemView.swift in Sources */,
				EF5FD3112BA552E70033987F /* SwiftUIView.swift in Sources */,
				EF720F482BAD0B6200AC9635 /* RecipeListResponse.swift in Sources */,
				69BD61F42BA7D87E0025F8EE /* SettingsRowView.swift in Sources */,
				EF0ACDAE2BAC49DC00530C2B /* ReportView.swift in Sources */,
				EFA6A1822BAB519F008CA405 /* AppView.swift in Sources */,
				69BD61FF2BA7DAD20025F8EE /* ProfileView.swift in Sources */,
				6967A16D2BA8C15B00DFF06A /* AuthViewModel.swift in Sources */,
				69BD61FD2BA7DA8C0025F8EE /* RegistrationView.swift in Sources */,
				EF9B7AD72BABC89E00190A41 /* HeaderView.swift in Sources */,
			);
			runOnlyForDeploymentPostprocessing = 0;
		};
/* End PBXSourcesBuildPhase section */

/* Begin XCBuildConfiguration section */
		EF5FD3052BA54F9E0033987F /* Debug */ = {
			isa = XCBuildConfiguration;
			buildSettings = {
				ALWAYS_SEARCH_USER_PATHS = NO;
				ASSETCATALOG_COMPILER_GENERATE_SWIFT_ASSET_SYMBOL_EXTENSIONS = YES;
				CLANG_ANALYZER_NONNULL = YES;
				CLANG_ANALYZER_NUMBER_OBJECT_CONVERSION = YES_AGGRESSIVE;
				CLANG_CXX_LANGUAGE_STANDARD = "gnu++20";
				CLANG_ENABLE_MODULES = YES;
				CLANG_ENABLE_OBJC_ARC = YES;
				CLANG_ENABLE_OBJC_WEAK = YES;
				CLANG_WARN_BLOCK_CAPTURE_AUTORELEASING = YES;
				CLANG_WARN_BOOL_CONVERSION = YES;
				CLANG_WARN_COMMA = YES;
				CLANG_WARN_CONSTANT_CONVERSION = YES;
				CLANG_WARN_DEPRECATED_OBJC_IMPLEMENTATIONS = YES;
				CLANG_WARN_DIRECT_OBJC_ISA_USAGE = YES_ERROR;
				CLANG_WARN_DOCUMENTATION_COMMENTS = YES;
				CLANG_WARN_EMPTY_BODY = YES;
				CLANG_WARN_ENUM_CONVERSION = YES;
				CLANG_WARN_INFINITE_RECURSION = YES;
				CLANG_WARN_INT_CONVERSION = YES;
				CLANG_WARN_NON_LITERAL_NULL_CONVERSION = YES;
				CLANG_WARN_OBJC_IMPLICIT_RETAIN_SELF = YES;
				CLANG_WARN_OBJC_LITERAL_CONVERSION = YES;
				CLANG_WARN_OBJC_ROOT_CLASS = YES_ERROR;
				CLANG_WARN_QUOTED_INCLUDE_IN_FRAMEWORK_HEADER = YES;
				CLANG_WARN_RANGE_LOOP_ANALYSIS = YES;
				CLANG_WARN_STRICT_PROTOTYPES = YES;
				CLANG_WARN_SUSPICIOUS_MOVE = YES;
				CLANG_WARN_UNGUARDED_AVAILABILITY = YES_AGGRESSIVE;
				CLANG_WARN_UNREACHABLE_CODE = YES;
				CLANG_WARN__DUPLICATE_METHOD_MATCH = YES;
				COPY_PHASE_STRIP = NO;
				DEBUG_INFORMATION_FORMAT = dwarf;
				ENABLE_STRICT_OBJC_MSGSEND = YES;
				ENABLE_TESTABILITY = YES;
				ENABLE_USER_SCRIPT_SANDBOXING = YES;
				GCC_C_LANGUAGE_STANDARD = gnu17;
				GCC_DYNAMIC_NO_PIC = NO;
				GCC_NO_COMMON_BLOCKS = YES;
				GCC_OPTIMIZATION_LEVEL = 0;
				GCC_PREPROCESSOR_DEFINITIONS = (
					"DEBUG=1",
					"$(inherited)",
				);
				GCC_WARN_64_TO_32_BIT_CONVERSION = YES;
				GCC_WARN_ABOUT_RETURN_TYPE = YES_ERROR;
				GCC_WARN_UNDECLARED_SELECTOR = YES;
				GCC_WARN_UNINITIALIZED_AUTOS = YES_AGGRESSIVE;
				GCC_WARN_UNUSED_FUNCTION = YES;
				GCC_WARN_UNUSED_VARIABLE = YES;
				INFOPLIST_KEY_UILaunchScreen_Generation = NO;
				"INFOPLIST_KEY_UILaunchStoryboardName[sdk=*]" = SplashScreen;
				IPHONEOS_DEPLOYMENT_TARGET = 17.2;
				LOCALIZATION_PREFERS_STRING_CATALOGS = YES;
				MTL_ENABLE_DEBUG_INFO = INCLUDE_SOURCE;
				MTL_FAST_MATH = YES;
				ONLY_ACTIVE_ARCH = YES;
				SDKROOT = iphoneos;
				SWIFT_ACTIVE_COMPILATION_CONDITIONS = "DEBUG $(inherited)";
				SWIFT_OPTIMIZATION_LEVEL = "-Onone";
			};
			name = Debug;
		};
		EF5FD3062BA54F9E0033987F /* Release */ = {
			isa = XCBuildConfiguration;
			buildSettings = {
				ALWAYS_SEARCH_USER_PATHS = NO;
				ASSETCATALOG_COMPILER_GENERATE_SWIFT_ASSET_SYMBOL_EXTENSIONS = YES;
				CLANG_ANALYZER_NONNULL = YES;
				CLANG_ANALYZER_NUMBER_OBJECT_CONVERSION = YES_AGGRESSIVE;
				CLANG_CXX_LANGUAGE_STANDARD = "gnu++20";
				CLANG_ENABLE_MODULES = YES;
				CLANG_ENABLE_OBJC_ARC = YES;
				CLANG_ENABLE_OBJC_WEAK = YES;
				CLANG_WARN_BLOCK_CAPTURE_AUTORELEASING = YES;
				CLANG_WARN_BOOL_CONVERSION = YES;
				CLANG_WARN_COMMA = YES;
				CLANG_WARN_CONSTANT_CONVERSION = YES;
				CLANG_WARN_DEPRECATED_OBJC_IMPLEMENTATIONS = YES;
				CLANG_WARN_DIRECT_OBJC_ISA_USAGE = YES_ERROR;
				CLANG_WARN_DOCUMENTATION_COMMENTS = YES;
				CLANG_WARN_EMPTY_BODY = YES;
				CLANG_WARN_ENUM_CONVERSION = YES;
				CLANG_WARN_INFINITE_RECURSION = YES;
				CLANG_WARN_INT_CONVERSION = YES;
				CLANG_WARN_NON_LITERAL_NULL_CONVERSION = YES;
				CLANG_WARN_OBJC_IMPLICIT_RETAIN_SELF = YES;
				CLANG_WARN_OBJC_LITERAL_CONVERSION = YES;
				CLANG_WARN_OBJC_ROOT_CLASS = YES_ERROR;
				CLANG_WARN_QUOTED_INCLUDE_IN_FRAMEWORK_HEADER = YES;
				CLANG_WARN_RANGE_LOOP_ANALYSIS = YES;
				CLANG_WARN_STRICT_PROTOTYPES = YES;
				CLANG_WARN_SUSPICIOUS_MOVE = YES;
				CLANG_WARN_UNGUARDED_AVAILABILITY = YES_AGGRESSIVE;
				CLANG_WARN_UNREACHABLE_CODE = YES;
				CLANG_WARN__DUPLICATE_METHOD_MATCH = YES;
				COPY_PHASE_STRIP = NO;
				DEBUG_INFORMATION_FORMAT = "dwarf-with-dsym";
				ENABLE_NS_ASSERTIONS = NO;
				ENABLE_STRICT_OBJC_MSGSEND = YES;
				ENABLE_USER_SCRIPT_SANDBOXING = YES;
				GCC_C_LANGUAGE_STANDARD = gnu17;
				GCC_NO_COMMON_BLOCKS = YES;
				GCC_WARN_64_TO_32_BIT_CONVERSION = YES;
				GCC_WARN_ABOUT_RETURN_TYPE = YES_ERROR;
				GCC_WARN_UNDECLARED_SELECTOR = YES;
				GCC_WARN_UNINITIALIZED_AUTOS = YES_AGGRESSIVE;
				GCC_WARN_UNUSED_FUNCTION = YES;
				GCC_WARN_UNUSED_VARIABLE = YES;
				INFOPLIST_KEY_UILaunchScreen_Generation = NO;
				"INFOPLIST_KEY_UILaunchStoryboardName[sdk=*]" = SplashScreen;
				IPHONEOS_DEPLOYMENT_TARGET = 17.2;
				LOCALIZATION_PREFERS_STRING_CATALOGS = YES;
				MTL_ENABLE_DEBUG_INFO = NO;
				MTL_FAST_MATH = YES;
				SDKROOT = iphoneos;
				SWIFT_COMPILATION_MODE = wholemodule;
				VALIDATE_PRODUCT = YES;
			};
			name = Release;
		};
		EF5FD3082BA54F9E0033987F /* Debug */ = {
			isa = XCBuildConfiguration;
			buildSettings = {
				ASSETCATALOG_COMPILER_APPICON_NAME = AppIcon;
				ASSETCATALOG_COMPILER_GLOBAL_ACCENT_COLOR_NAME = AccentColor;
				CODE_SIGN_STYLE = Automatic;
				CURRENT_PROJECT_VERSION = 1;
				DEVELOPMENT_ASSET_PATHS = "\"NutriScan/Preview Content\"";
				ENABLE_PREVIEWS = YES;
				GENERATE_INFOPLIST_FILE = YES;
				INFOPLIST_FILE = NutriScan/Info.plist;
				INFOPLIST_KEY_UIApplicationSceneManifest_Generation = YES;
				INFOPLIST_KEY_UIApplicationSupportsIndirectInputEvents = YES;
				INFOPLIST_KEY_UILaunchScreen_Generation = YES;
				INFOPLIST_KEY_UILaunchStoryboardName = SplashScreen;
				INFOPLIST_KEY_UISupportedInterfaceOrientations_iPad = "UIInterfaceOrientationPortrait UIInterfaceOrientationPortraitUpsideDown UIInterfaceOrientationLandscapeLeft UIInterfaceOrientationLandscapeRight";
				INFOPLIST_KEY_UISupportedInterfaceOrientations_iPhone = "UIInterfaceOrientationPortrait UIInterfaceOrientationLandscapeLeft UIInterfaceOrientationLandscapeRight";
				LD_RUNPATH_SEARCH_PATHS = (
					"$(inherited)",
					"@executable_path/Frameworks",
				);
				MARKETING_VERSION = 1.0;
				PRODUCT_BUNDLE_IDENTIFIER = Kawthar.NutriScan;
				PRODUCT_NAME = "$(TARGET_NAME)";
				SWIFT_EMIT_LOC_STRINGS = YES;
				SWIFT_VERSION = 5.0;
				TARGETED_DEVICE_FAMILY = "1,2";
			};
			name = Debug;
		};
		EF5FD3092BA54F9E0033987F /* Release */ = {
			isa = XCBuildConfiguration;
			buildSettings = {
				ASSETCATALOG_COMPILER_APPICON_NAME = AppIcon;
				ASSETCATALOG_COMPILER_GLOBAL_ACCENT_COLOR_NAME = AccentColor;
				CODE_SIGN_STYLE = Automatic;
				CURRENT_PROJECT_VERSION = 1;
				DEVELOPMENT_ASSET_PATHS = "\"NutriScan/Preview Content\"";
				ENABLE_PREVIEWS = YES;
				GENERATE_INFOPLIST_FILE = YES;
				INFOPLIST_FILE = NutriScan/Info.plist;
				INFOPLIST_KEY_UIApplicationSceneManifest_Generation = YES;
				INFOPLIST_KEY_UIApplicationSupportsIndirectInputEvents = YES;
				INFOPLIST_KEY_UILaunchScreen_Generation = YES;
				INFOPLIST_KEY_UILaunchStoryboardName = SplashScreen;
				INFOPLIST_KEY_UISupportedInterfaceOrientations_iPad = "UIInterfaceOrientationPortrait UIInterfaceOrientationPortraitUpsideDown UIInterfaceOrientationLandscapeLeft UIInterfaceOrientationLandscapeRight";
				INFOPLIST_KEY_UISupportedInterfaceOrientations_iPhone = "UIInterfaceOrientationPortrait UIInterfaceOrientationLandscapeLeft UIInterfaceOrientationLandscapeRight";
				LD_RUNPATH_SEARCH_PATHS = (
					"$(inherited)",
					"@executable_path/Frameworks",
				);
				MARKETING_VERSION = 1.0;
				PRODUCT_BUNDLE_IDENTIFIER = Kawthar.NutriScan;
				PRODUCT_NAME = "$(TARGET_NAME)";
				SWIFT_EMIT_LOC_STRINGS = YES;
				SWIFT_VERSION = 5.0;
				TARGETED_DEVICE_FAMILY = "1,2";
			};
			name = Release;
		};
/* End XCBuildConfiguration section */

/* Begin XCConfigurationList section */
		EF5FD2F22BA54F9A0033987F /* Build configuration list for PBXProject "NutriScan" */ = {
			isa = XCConfigurationList;
			buildConfigurations = (
				EF5FD3052BA54F9E0033987F /* Debug */,
				EF5FD3062BA54F9E0033987F /* Release */,
			);
			defaultConfigurationIsVisible = 0;
			defaultConfigurationName = Release;
		};
		EF5FD3072BA54F9E0033987F /* Build configuration list for PBXNativeTarget "NutriScan" */ = {
			isa = XCConfigurationList;
			buildConfigurations = (
				EF5FD3082BA54F9E0033987F /* Debug */,
				EF5FD3092BA54F9E0033987F /* Release */,
			);
			defaultConfigurationIsVisible = 0;
			defaultConfigurationName = Release;
		};
/* End XCConfigurationList section */

/* Begin XCRemoteSwiftPackageReference section */
		69BD62022BA7F2740025F8EE /* XCRemoteSwiftPackageReference "firebase-ios-sdk" */ = {
			isa = XCRemoteSwiftPackageReference;
			repositoryURL = "https://github.com/firebase/firebase-ios-sdk";
			requirement = {
				kind = upToNextMajorVersion;
				minimumVersion = 10.22.1;
			};
		};
		69CE8F9A2BACDE3600E02F9B /* XCRemoteSwiftPackageReference "GoogleSignIn-iOS" */ = {
			isa = XCRemoteSwiftPackageReference;
			repositoryURL = "https://github.com/google/GoogleSignIn-iOS";
			requirement = {
				kind = upToNextMajorVersion;
				minimumVersion = 7.0.0;
			};
		};
/* End XCRemoteSwiftPackageReference section */

/* Begin XCSwiftPackageProductDependency section */
		69BD62032BA7F2740025F8EE /* FirebaseAnalytics */ = {
			isa = XCSwiftPackageProductDependency;
			package = 69BD62022BA7F2740025F8EE /* XCRemoteSwiftPackageReference "firebase-ios-sdk" */;
			productName = FirebaseAnalytics;
		};
		69BD62052BA7F2740025F8EE /* FirebaseAuth */ = {
			isa = XCSwiftPackageProductDependency;
			package = 69BD62022BA7F2740025F8EE /* XCRemoteSwiftPackageReference "firebase-ios-sdk" */;
			productName = FirebaseAuth;
		};
		69BD62072BA7F2740025F8EE /* FirebaseDatabase */ = {
			isa = XCSwiftPackageProductDependency;
			package = 69BD62022BA7F2740025F8EE /* XCRemoteSwiftPackageReference "firebase-ios-sdk" */;
			productName = FirebaseDatabase;
		};
		69BD62092BA7F2740025F8EE /* FirebaseDynamicLinks */ = {
			isa = XCSwiftPackageProductDependency;
			package = 69BD62022BA7F2740025F8EE /* XCRemoteSwiftPackageReference "firebase-ios-sdk" */;
			productName = FirebaseDynamicLinks;
		};
		69BD620B2BA7F2740025F8EE /* FirebaseFirestore */ = {
			isa = XCSwiftPackageProductDependency;
			package = 69BD62022BA7F2740025F8EE /* XCRemoteSwiftPackageReference "firebase-ios-sdk" */;
			productName = FirebaseFirestore;
		};
		69BD620D2BA7F2740025F8EE /* FirebaseFirestoreSwift */ = {
			isa = XCSwiftPackageProductDependency;
			package = 69BD62022BA7F2740025F8EE /* XCRemoteSwiftPackageReference "firebase-ios-sdk" */;
			productName = FirebaseFirestoreSwift;
		};
		69BD620F2BA7F2740025F8EE /* FirebaseStorage */ = {
			isa = XCSwiftPackageProductDependency;
			package = 69BD62022BA7F2740025F8EE /* XCRemoteSwiftPackageReference "firebase-ios-sdk" */;
			productName = FirebaseStorage;
		};
		69BD62112BA7F2740025F8EE /* FirebaseStorageCombine-Community */ = {
			isa = XCSwiftPackageProductDependency;
			package = 69BD62022BA7F2740025F8EE /* XCRemoteSwiftPackageReference "firebase-ios-sdk" */;
			productName = "FirebaseStorageCombine-Community";
		};
		69CE8F9B2BACDE3600E02F9B /* GoogleSignIn */ = {
			isa = XCSwiftPackageProductDependency;
			package = 69CE8F9A2BACDE3600E02F9B /* XCRemoteSwiftPackageReference "GoogleSignIn-iOS" */;
			productName = GoogleSignIn;
		};
		69CE8F9D2BACDE3600E02F9B /* GoogleSignInSwift */ = {
			isa = XCSwiftPackageProductDependency;
			package = 69CE8F9A2BACDE3600E02F9B /* XCRemoteSwiftPackageReference "GoogleSignIn-iOS" */;
			productName = GoogleSignInSwift;
		};
		D7D6AA0B2BA89ACE0011E276 /* FirebaseAnalyticsSwift */ = {
			isa = XCSwiftPackageProductDependency;
			package = 69BD62022BA7F2740025F8EE /* XCRemoteSwiftPackageReference "firebase-ios-sdk" */;
			productName = FirebaseAnalyticsSwift;
		};
/* End XCSwiftPackageProductDependency section */
	};
	rootObject = EF5FD2EF2BA54F9A0033987F /* Project object */;
}
